
Microsoft Visual Studio Solution File, Format Version 10.00
# Visual Studio 2008
Project("{8BC9CEB8-8B4A-11D0-8D11-00A0C91BC942}") = "Prototype", "Prototype\Prototype.vcproj", "{0C161C05-B131-4281-8389-0BD098BD647E}"
EndProject
Global
	GlobalSection(SolutionConfigurationPlatforms) = preSolution
		Debug|Win32 = Debug|Win32
		Release|Win32 = Release|Win32
	EndGlobalSection
	GlobalSection(ProjectConfigurationPlatforms) = postSolution
		{0C161C05-B131-4281-8389-0BD098BD647E}.Debug|Win32.ActiveCfg = Debug|Win32
		{0C161C05-B131-4281-8389-0BD098BD647E}.Debug|Win32.Build.0 = Debug|Win32
		{0C161C05-B131-4281-8389-0BD098BD647E}.Release|Win32.ActiveCfg = Release|Win32
		{0C161C05-B131-4281-8389-0BD098BD647E}.Release|Win32.Build.0 = Release|Win32
	EndGlobalSection
	GlobalSection(SolutionProperties) = preSolution
		HideSolutionNode = FALSE
	EndGlobalSection
EndGlobal
